
Microsoft Visual Studio Solution File, Format Version 12.00
# Visual Studio Version 16
VisualStudioVersion = 16.0.33801.447
MinimumVisualStudioVersion = 10.0.40219.1
Project("{FAE04EC0-301F-11D3-BF4B-00C04F79EFBC}") = "Inventory_v01", "Inventory_v01\Inventory_v01.csproj", "{6ADD2F01-E1AA-4509-8808-E6CB5AB27B2A}"
EndProject
Global
	GlobalSection(SolutionConfigurationPlatforms) = preSolution
		Debug|Any CPU = Debug|Any CPU
		Release|Any CPU = Release|Any CPU
	EndGlobalSection
	GlobalSection(ProjectConfigurationPlatforms) = postSolution
		{6ADD2F01-E1AA-4509-8808-E6CB5AB27B2A}.Debug|Any CPU.ActiveCfg = Debug|Any CPU
		{6ADD2F01-E1AA-4509-8808-E6CB5AB27B2A}.Debug|Any CPU.Build.0 = Debug|Any CPU
		{6ADD2F01-E1AA-4509-8808-E6CB5AB27B2A}.Release|Any CPU.ActiveCfg = Release|Any CPU
		{6ADD2F01-E1AA-4509-8808-E6CB5AB27B2A}.Release|Any CPU.Build.0 = Release|Any CPU
	EndGlobalSection
	GlobalSection(SolutionProperties) = preSolution
		HideSolutionNode = FALSE
	EndGlobalSection
	GlobalSection(ExtensibilityGlobals) = postSolution
		SolutionGuid = {013FC945-7BF8-4758-A757-CC45EA6A9F3E}
	EndGlobalSection
EndGlobal
